
Microsoft Visual Studio Solution File, Format Version 12.00
# Visual Studio Version 16
VisualStudioVersion = 16.0.30804.86
MinimumVisualStudioVersion = 10.0.40219.1
Project("{9A19103F-16F7-4668-BE54-9A1E7A4F7556}") = "SampleApi", "SampleApi.csproj", "{33E7D821-84BE-4DD0-98E7-2CB098EB8F51}"
EndProject
Global
	GlobalSection(SolutionConfigurationPlatforms) = preSolution
		Debug|Any CPU = Debug|Any CPU
		Release|Any CPU = Release|Any CPU
	EndGlobalSection
	GlobalSection(ProjectConfigurationPlatforms) = postSolution
		{33E7D821-84BE-4DD0-98E7-2CB098EB8F51}.Debug|Any CPU.ActiveCfg = Debug|Any CPU
		{33E7D821-84BE-4DD0-98E7-2CB098EB8F51}.Debug|Any CPU.Build.0 = Debug|Any CPU
		{33E7D821-84BE-4DD0-98E7-2CB098EB8F51}.Release|Any CPU.ActiveCfg = Release|Any CPU
		{33E7D821-84BE-4DD0-98E7-2CB098EB8F51}.Release|Any CPU.Build.0 = Release|Any CPU
	EndGlobalSection
	GlobalSection(SolutionProperties) = preSolution
		HideSolutionNode = FALSE
	EndGlobalSection
	GlobalSection(ExtensibilityGlobals) = postSolution
		SolutionGuid = {5F76A072-517E-4BCB-A796-09FBF83EAD21}
	EndGlobalSection
EndGlobal
